
Microsoft Visual Studio Solution File, Format Version 12.00
Project("{FAE04EC0-301F-11D3-BF4B-00C04F79EFBC}") = "ChefPatterns", "ChefPatterns\ChefPatterns.csproj", "{98CEFFF6-9825-4691-B1DF-2C77A2129DA5}"
EndProject
Global
	GlobalSection(SolutionConfigurationPlatforms) = preSolution
		Debug|Any CPU = Debug|Any CPU
		Release|Any CPU = Release|Any CPU
	EndGlobalSection
	GlobalSection(ProjectConfigurationPlatforms) = postSolution
		{98CEFFF6-9825-4691-B1DF-2C77A2129DA5}.Debug|Any CPU.ActiveCfg = Debug|Any CPU
		{98CEFFF6-9825-4691-B1DF-2C77A2129DA5}.Debug|Any CPU.Build.0 = Debug|Any CPU
		{98CEFFF6-9825-4691-B1DF-2C77A2129DA5}.Release|Any CPU.ActiveCfg = Release|Any CPU
		{98CEFFF6-9825-4691-B1DF-2C77A2129DA5}.Release|Any CPU.Build.0 = Release|Any CPU
	EndGlobalSection
EndGlobal
